// !$*UTF8*$!
{
	archiveVersion = 1;
	classes = {
	};
	objectVersion = 50;
	objects = {

/* Begin PBXBuildFile section */
		8A3AEB082653C3580048FD26 /* MainMenuRouter.m in Sources */ = {isa = PBXBuildFile; fileRef = 8A3AEB072653C3580048FD26 /* MainMenuRouter.m */; };
		8A3AEB0E2653C3FC0048FD26 /* MainMenuPresenter.m in Sources */ = {isa = PBXBuildFile; fileRef = 8A3AEB0D2653C3FC0048FD26 /* MainMenuPresenter.m */; };
		8A3AEB112653C40F0048FD26 /* MainMenuView.m in Sources */ = {isa = PBXBuildFile; fileRef = 8A3AEB102653C40F0048FD26 /* MainMenuView.m */; };
		8A3AEB152653C9BF0048FD26 /* MainMenuBuilder.m in Sources */ = {isa = PBXBuildFile; fileRef = 8A3AEB142653C9BF0048FD26 /* MainMenuBuilder.m */; };
		8A850060265D373400CEA1D1 /* MapBuilder.m in Sources */ = {isa = PBXBuildFile; fileRef = 8A85005F265D373400CEA1D1 /* MapBuilder.m */; };
		8A850063265D374500CEA1D1 /* MapRouter.m in Sources */ = {isa = PBXBuildFile; fileRef = 8A850062265D374500CEA1D1 /* MapRouter.m */; };
		8A850066265D375100CEA1D1 /* MapInteractor.m in Sources */ = {isa = PBXBuildFile; fileRef = 8A850065265D375100CEA1D1 /* MapInteractor.m */; };
		8A850069265D376100CEA1D1 /* MapPresenter.m in Sources */ = {isa = PBXBuildFile; fileRef = 8A850068265D376100CEA1D1 /* MapPresenter.m */; };
		8A85006F265D377F00CEA1D1 /* MapView.m in Sources */ = {isa = PBXBuildFile; fileRef = 8A85006E265D377F00CEA1D1 /* MapView.m */; };
		8A850072265D379600CEA1D1 /* MapViewController.m in Sources */ = {isa = PBXBuildFile; fileRef = 8A850071265D379600CEA1D1 /* MapViewController.m */; };
		8A850076265D400300CEA1D1 /* LocationService.m in Sources */ = {isa = PBXBuildFile; fileRef = 8A850075265D400300CEA1D1 /* LocationService.m */; };
		8A85007A265D47DA00CEA1D1 /* APIManager.m in Sources */ = {isa = PBXBuildFile; fileRef = 8A850079265D47DA00CEA1D1 /* APIManager.m */; };
		8A85007E265D483E00CEA1D1 /* Ticket.m in Sources */ = {isa = PBXBuildFile; fileRef = 8A85007D265D483E00CEA1D1 /* Ticket.m */; };
		8A850082265D489200CEA1D1 /* MapPrice.m in Sources */ = {isa = PBXBuildFile; fileRef = 8A850081265D489200CEA1D1 /* MapPrice.m */; };
		8A912D0B2653E2BB00AE4B76 /* PlaceViewController.m in Sources */ = {isa = PBXBuildFile; fileRef = 8A912D0A2653E2BB00AE4B76 /* PlaceViewController.m */; };
		8A912D0E2653E2C800AE4B76 /* PlaceView.m in Sources */ = {isa = PBXBuildFile; fileRef = 8A912D0D2653E2C800AE4B76 /* PlaceView.m */; };
		8A912D112653E2D900AE4B76 /* PlacePresenter.m in Sources */ = {isa = PBXBuildFile; fileRef = 8A912D102653E2D900AE4B76 /* PlacePresenter.m */; };
		8A912D142653E2E800AE4B76 /* PlaceInteractor.m in Sources */ = {isa = PBXBuildFile; fileRef = 8A912D132653E2E800AE4B76 /* PlaceInteractor.m */; };
		8A912D182653E31400AE4B76 /* PlaceBuilder.m in Sources */ = {isa = PBXBuildFile; fileRef = 8A912D172653E31400AE4B76 /* PlaceBuilder.m */; };
		8A912D1C2653F2D900AE4B76 /* PlaceRouter.m in Sources */ = {isa = PBXBuildFile; fileRef = 8A912D1B2653F2D900AE4B76 /* PlaceRouter.m */; };
		8AD89785264EA3A600FDAC52 /* AppDelegate.m in Sources */ = {isa = PBXBuildFile; fileRef = 8AD89784264EA3A600FDAC52 /* AppDelegate.m */; };
		8AD89790264EA3A600FDAC52 /* Assets.xcassets in Resources */ = {isa = PBXBuildFile; fileRef = 8AD8978F264EA3A600FDAC52 /* Assets.xcassets */; };
		8AD89793264EA3A600FDAC52 /* LaunchScreen.storyboard in Resources */ = {isa = PBXBuildFile; fileRef = 8AD89791264EA3A600FDAC52 /* LaunchScreen.storyboard */; };
		8AD89796264EA3A600FDAC52 /* main.m in Sources */ = {isa = PBXBuildFile; fileRef = 8AD89795264EA3A600FDAC52 /* main.m */; };
		8AD897A2264EA8B600FDAC52 /* countries.json in Resources */ = {isa = PBXBuildFile; fileRef = 8AD8979F264EA8B600FDAC52 /* countries.json */; };
		8AD897A3264EA8B600FDAC52 /* cities.json in Resources */ = {isa = PBXBuildFile; fileRef = 8AD897A0264EA8B600FDAC52 /* cities.json */; };
		8AD897A4264EA8B600FDAC52 /* airports.json in Resources */ = {isa = PBXBuildFile; fileRef = 8AD897A1264EA8B600FDAC52 /* airports.json */; };
		8AD897A9264EA97D00FDAC52 /* Country.m in Sources */ = {isa = PBXBuildFile; fileRef = 8AD897A8264EA97D00FDAC52 /* Country.m */; };
		8AD897AD264EA9D600FDAC52 /* City.m in Sources */ = {isa = PBXBuildFile; fileRef = 8AD897AC264EA9D600FDAC52 /* City.m */; };
		8AD897B1264EAA3200FDAC52 /* Airport.m in Sources */ = {isa = PBXBuildFile; fileRef = 8AD897B0264EAA3200FDAC52 /* Airport.m */; };
		8AD897B5264EAAAE00FDAC52 /* DataManager.m in Sources */ = {isa = PBXBuildFile; fileRef = 8AD897B4264EAAAE00FDAC52 /* DataManager.m */; };
		8AFC8A862653C30C0081577E /* MainMenuViewController.m in Sources */ = {isa = PBXBuildFile; fileRef = 8AFC8A852653C30C0081577E /* MainMenuViewController.m */; };
/* End PBXBuildFile section */

/* Begin PBXFileReference section */
		8A3AEB062653C3580048FD26 /* MainMenuRouter.h */ = {isa = PBXFileReference; lastKnownFileType = sourcecode.c.h; path = MainMenuRouter.h; sourceTree = "<group>"; };
		8A3AEB072653C3580048FD26 /* MainMenuRouter.m */ = {isa = PBXFileReference; lastKnownFileType = sourcecode.c.objc; path = MainMenuRouter.m; sourceTree = "<group>"; };
		8A3AEB0C2653C3FC0048FD26 /* MainMenuPresenter.h */ = {isa = PBXFileReference; lastKnownFileType = sourcecode.c.h; path = MainMenuPresenter.h; sourceTree = "<group>"; };
		8A3AEB0D2653C3FC0048FD26 /* MainMenuPresenter.m */ = {isa = PBXFileReference; lastKnownFileType = sourcecode.c.objc; path = MainMenuPresenter.m; sourceTree = "<group>"; };
		8A3AEB0F2653C40F0048FD26 /* MainMenuView.h */ = {isa = PBXFileReference; lastKnownFileType = sourcecode.c.h; path = MainMenuView.h; sourceTree = "<group>"; };
		8A3AEB102653C40F0048FD26 /* MainMenuView.m */ = {isa = PBXFileReference; lastKnownFileType = sourcecode.c.objc; path = MainMenuView.m; sourceTree = "<group>"; };
		8A3AEB132653C9BF0048FD26 /* MainMenuBuilder.h */ = {isa = PBXFileReference; lastKnownFileType = sourcecode.c.h; path = MainMenuBuilder.h; sourceTree = "<group>"; };
		8A3AEB142653C9BF0048FD26 /* MainMenuBuilder.m */ = {isa = PBXFileReference; lastKnownFileType = sourcecode.c.objc; path = MainMenuBuilder.m; sourceTree = "<group>"; };
		8A85005E265D373400CEA1D1 /* MapBuilder.h */ = {isa = PBXFileReference; lastKnownFileType = sourcecode.c.h; path = MapBuilder.h; sourceTree = "<group>"; };
		8A85005F265D373400CEA1D1 /* MapBuilder.m */ = {isa = PBXFileReference; lastKnownFileType = sourcecode.c.objc; path = MapBuilder.m; sourceTree = "<group>"; };
		8A850061265D374500CEA1D1 /* MapRouter.h */ = {isa = PBXFileReference; lastKnownFileType = sourcecode.c.h; path = MapRouter.h; sourceTree = "<group>"; };
		8A850062265D374500CEA1D1 /* MapRouter.m */ = {isa = PBXFileReference; lastKnownFileType = sourcecode.c.objc; path = MapRouter.m; sourceTree = "<group>"; };
		8A850064265D375100CEA1D1 /* MapInteractor.h */ = {isa = PBXFileReference; lastKnownFileType = sourcecode.c.h; path = MapInteractor.h; sourceTree = "<group>"; };
		8A850065265D375100CEA1D1 /* MapInteractor.m */ = {isa = PBXFileReference; lastKnownFileType = sourcecode.c.objc; path = MapInteractor.m; sourceTree = "<group>"; };
		8A850067265D376100CEA1D1 /* MapPresenter.h */ = {isa = PBXFileReference; lastKnownFileType = sourcecode.c.h; path = MapPresenter.h; sourceTree = "<group>"; };
		8A850068265D376100CEA1D1 /* MapPresenter.m */ = {isa = PBXFileReference; lastKnownFileType = sourcecode.c.objc; path = MapPresenter.m; sourceTree = "<group>"; };
		8A85006D265D377F00CEA1D1 /* MapView.h */ = {isa = PBXFileReference; lastKnownFileType = sourcecode.c.h; path = MapView.h; sourceTree = "<group>"; };
		8A85006E265D377F00CEA1D1 /* MapView.m */ = {isa = PBXFileReference; lastKnownFileType = sourcecode.c.objc; path = MapView.m; sourceTree = "<group>"; };
		8A850070265D379600CEA1D1 /* MapViewController.h */ = {isa = PBXFileReference; lastKnownFileType = sourcecode.c.h; path = MapViewController.h; sourceTree = "<group>"; };
		8A850071265D379600CEA1D1 /* MapViewController.m */ = {isa = PBXFileReference; lastKnownFileType = sourcecode.c.objc; path = MapViewController.m; sourceTree = "<group>"; };
		8A850074265D400300CEA1D1 /* LocationService.h */ = {isa = PBXFileReference; lastKnownFileType = sourcecode.c.h; path = LocationService.h; sourceTree = "<group>"; };
		8A850075265D400300CEA1D1 /* LocationService.m */ = {isa = PBXFileReference; lastKnownFileType = sourcecode.c.objc; path = LocationService.m; sourceTree = "<group>"; };
		8A850078265D47DA00CEA1D1 /* APIManager.h */ = {isa = PBXFileReference; lastKnownFileType = sourcecode.c.h; path = APIManager.h; sourceTree = "<group>"; };
		8A850079265D47DA00CEA1D1 /* APIManager.m */ = {isa = PBXFileReference; lastKnownFileType = sourcecode.c.objc; path = APIManager.m; sourceTree = "<group>"; };
		8A85007C265D483E00CEA1D1 /* Ticket.h */ = {isa = PBXFileReference; lastKnownFileType = sourcecode.c.h; path = Ticket.h; sourceTree = "<group>"; };
		8A85007D265D483E00CEA1D1 /* Ticket.m */ = {isa = PBXFileReference; lastKnownFileType = sourcecode.c.objc; path = Ticket.m; sourceTree = "<group>"; };
		8A850080265D489200CEA1D1 /* MapPrice.h */ = {isa = PBXFileReference; lastKnownFileType = sourcecode.c.h; path = MapPrice.h; sourceTree = "<group>"; };
		8A850081265D489200CEA1D1 /* MapPrice.m */ = {isa = PBXFileReference; lastKnownFileType = sourcecode.c.objc; path = MapPrice.m; sourceTree = "<group>"; };
		8A912D032653D09100AE4B76 /* Colors.h */ = {isa = PBXFileReference; lastKnownFileType = sourcecode.c.h; path = Colors.h; sourceTree = "<group>"; };
		8A912D092653E2BB00AE4B76 /* PlaceViewController.h */ = {isa = PBXFileReference; lastKnownFileType = sourcecode.c.h; path = PlaceViewController.h; sourceTree = "<group>"; };
		8A912D0A2653E2BB00AE4B76 /* PlaceViewController.m */ = {isa = PBXFileReference; lastKnownFileType = sourcecode.c.objc; path = PlaceViewController.m; sourceTree = "<group>"; };
		8A912D0C2653E2C800AE4B76 /* PlaceView.h */ = {isa = PBXFileReference; lastKnownFileType = sourcecode.c.h; path = PlaceView.h; sourceTree = "<group>"; };
		8A912D0D2653E2C800AE4B76 /* PlaceView.m */ = {isa = PBXFileReference; lastKnownFileType = sourcecode.c.objc; path = PlaceView.m; sourceTree = "<group>"; };
		8A912D0F2653E2D900AE4B76 /* PlacePresenter.h */ = {isa = PBXFileReference; lastKnownFileType = sourcecode.c.h; path = PlacePresenter.h; sourceTree = "<group>"; };
		8A912D102653E2D900AE4B76 /* PlacePresenter.m */ = {isa = PBXFileReference; lastKnownFileType = sourcecode.c.objc; path = PlacePresenter.m; sourceTree = "<group>"; };
		8A912D122653E2E800AE4B76 /* PlaceInteractor.h */ = {isa = PBXFileReference; lastKnownFileType = sourcecode.c.h; path = PlaceInteractor.h; sourceTree = "<group>"; };
		8A912D132653E2E800AE4B76 /* PlaceInteractor.m */ = {isa = PBXFileReference; lastKnownFileType = sourcecode.c.objc; path = PlaceInteractor.m; sourceTree = "<group>"; };
		8A912D162653E31400AE4B76 /* PlaceBuilder.h */ = {isa = PBXFileReference; lastKnownFileType = sourcecode.c.h; path = PlaceBuilder.h; sourceTree = "<group>"; };
		8A912D172653E31400AE4B76 /* PlaceBuilder.m */ = {isa = PBXFileReference; lastKnownFileType = sourcecode.c.objc; path = PlaceBuilder.m; sourceTree = "<group>"; };
		8A912D1A2653F2D900AE4B76 /* PlaceRouter.h */ = {isa = PBXFileReference; lastKnownFileType = sourcecode.c.h; path = PlaceRouter.h; sourceTree = "<group>"; };
		8A912D1B2653F2D900AE4B76 /* PlaceRouter.m */ = {isa = PBXFileReference; lastKnownFileType = sourcecode.c.objc; path = PlaceRouter.m; sourceTree = "<group>"; };
		8A912D1D2654058300AE4B76 /* PlaceType.h */ = {isa = PBXFileReference; lastKnownFileType = sourcecode.c.h; path = PlaceType.h; sourceTree = "<group>"; };
		8AD89780264EA3A600FDAC52 /* AirTickets.app */ = {isa = PBXFileReference; explicitFileType = wrapper.application; includeInIndex = 0; path = AirTickets.app; sourceTree = BUILT_PRODUCTS_DIR; };
		8AD89783264EA3A600FDAC52 /* AppDelegate.h */ = {isa = PBXFileReference; lastKnownFileType = sourcecode.c.h; path = AppDelegate.h; sourceTree = "<group>"; };
		8AD89784264EA3A600FDAC52 /* AppDelegate.m */ = {isa = PBXFileReference; lastKnownFileType = sourcecode.c.objc; path = AppDelegate.m; sourceTree = "<group>"; };
		8AD8978F264EA3A600FDAC52 /* Assets.xcassets */ = {isa = PBXFileReference; lastKnownFileType = folder.assetcatalog; path = Assets.xcassets; sourceTree = "<group>"; };
		8AD89792264EA3A600FDAC52 /* Base */ = {isa = PBXFileReference; lastKnownFileType = file.storyboard; name = Base; path = Base.lproj/LaunchScreen.storyboard; sourceTree = "<group>"; };
		8AD89794264EA3A600FDAC52 /* Info.plist */ = {isa = PBXFileReference; lastKnownFileType = text.plist.xml; path = Info.plist; sourceTree = "<group>"; };
		8AD89795264EA3A600FDAC52 /* main.m */ = {isa = PBXFileReference; lastKnownFileType = sourcecode.c.objc; path = main.m; sourceTree = "<group>"; };
		8AD8979F264EA8B600FDAC52 /* countries.json */ = {isa = PBXFileReference; fileEncoding = 4; lastKnownFileType = text.json; path = countries.json; sourceTree = "<group>"; };
		8AD897A0264EA8B600FDAC52 /* cities.json */ = {isa = PBXFileReference; fileEncoding = 4; lastKnownFileType = text.json; path = cities.json; sourceTree = "<group>"; };
		8AD897A1264EA8B600FDAC52 /* airports.json */ = {isa = PBXFileReference; fileEncoding = 4; lastKnownFileType = text.json; path = airports.json; sourceTree = "<group>"; };
		8AD897A7264EA97D00FDAC52 /* Country.h */ = {isa = PBXFileReference; lastKnownFileType = sourcecode.c.h; path = Country.h; sourceTree = "<group>"; };
		8AD897A8264EA97D00FDAC52 /* Country.m */ = {isa = PBXFileReference; lastKnownFileType = sourcecode.c.objc; path = Country.m; sourceTree = "<group>"; };
		8AD897AB264EA9D600FDAC52 /* City.h */ = {isa = PBXFileReference; lastKnownFileType = sourcecode.c.h; path = City.h; sourceTree = "<group>"; };
		8AD897AC264EA9D600FDAC52 /* City.m */ = {isa = PBXFileReference; lastKnownFileType = sourcecode.c.objc; path = City.m; sourceTree = "<group>"; };
		8AD897AF264EAA3200FDAC52 /* Airport.h */ = {isa = PBXFileReference; lastKnownFileType = sourcecode.c.h; path = Airport.h; sourceTree = "<group>"; };
		8AD897B0264EAA3200FDAC52 /* Airport.m */ = {isa = PBXFileReference; lastKnownFileType = sourcecode.c.objc; path = Airport.m; sourceTree = "<group>"; };
		8AD897B3264EAAAE00FDAC52 /* DataManager.h */ = {isa = PBXFileReference; lastKnownFileType = sourcecode.c.h; path = DataManager.h; sourceTree = "<group>"; };
		8AD897B4264EAAAE00FDAC52 /* DataManager.m */ = {isa = PBXFileReference; lastKnownFileType = sourcecode.c.objc; path = DataManager.m; sourceTree = "<group>"; };
		8AFC8A842653C30C0081577E /* MainMenuViewController.h */ = {isa = PBXFileReference; lastKnownFileType = sourcecode.c.h; path = MainMenuViewController.h; sourceTree = "<group>"; };
		8AFC8A852653C30C0081577E /* MainMenuViewController.m */ = {isa = PBXFileReference; lastKnownFileType = sourcecode.c.objc; path = MainMenuViewController.m; sourceTree = "<group>"; };
/* End PBXFileReference section */

/* Begin PBXFrameworksBuildPhase section */
		8AD8977D264EA3A600FDAC52 /* Frameworks */ = {
			isa = PBXFrameworksBuildPhase;
			buildActionMask = 2147483647;
			files = (
			);
			runOnlyForDeploymentPostprocessing = 0;
		};
/* End PBXFrameworksBuildPhase section */

/* Begin PBXGroup section */
		8A3AEB122653C9A90048FD26 /* Builder */ = {
			isa = PBXGroup;
			children = (
				8A3AEB132653C9BF0048FD26 /* MainMenuBuilder.h */,
				8A3AEB142653C9BF0048FD26 /* MainMenuBuilder.m */,
			);
			path = Builder;
			sourceTree = "<group>";
		};
		8A3AEB162653CD430048FD26 /* Core */ = {
			isa = PBXGroup;
			children = (
				8A912D022653D08800AE4B76 /* Colors */,
				8A3AEB172653CD480048FD26 /* AppDelegate */,
			);
			path = Core;
			sourceTree = "<group>";
		};
		8A3AEB172653CD480048FD26 /* AppDelegate */ = {
			isa = PBXGroup;
			children = (
				8AD89783264EA3A600FDAC52 /* AppDelegate.h */,
				8AD89784264EA3A600FDAC52 /* AppDelegate.m */,
			);
			path = AppDelegate;
			sourceTree = "<group>";
		};
		8A850056265D36D200CEA1D1 /* Map */ = {
			isa = PBXGroup;
			children = (
				8A85005D265D370C00CEA1D1 /* Builder */,
				8A85005C265D370800CEA1D1 /* Router */,
				8A85005B265D370000CEA1D1 /* Interactor */,
				8A85005A265D36F900CEA1D1 /* Presenter */,
				8A850059265D36F100CEA1D1 /* Controller */,
				8A850058265D36E900CEA1D1 /* View */,
			);
			path = Map;
			sourceTree = "<group>";
		};
		8A850058265D36E900CEA1D1 /* View */ = {
			isa = PBXGroup;
			children = (
				8A85006D265D377F00CEA1D1 /* MapView.h */,
				8A85006E265D377F00CEA1D1 /* MapView.m */,
			);
			path = View;
			sourceTree = "<group>";
		};
		8A850059265D36F100CEA1D1 /* Controller */ = {
			isa = PBXGroup;
			children = (
				8A850070265D379600CEA1D1 /* MapViewController.h */,
				8A850071265D379600CEA1D1 /* MapViewController.m */,
			);
			path = Controller;
			sourceTree = "<group>";
		};
		8A85005A265D36F900CEA1D1 /* Presenter */ = {
			isa = PBXGroup;
			children = (
				8A850067265D376100CEA1D1 /* MapPresenter.h */,
				8A850068265D376100CEA1D1 /* MapPresenter.m */,
			);
			path = Presenter;
			sourceTree = "<group>";
		};
		8A85005B265D370000CEA1D1 /* Interactor */ = {
			isa = PBXGroup;
			children = (
				8A850064265D375100CEA1D1 /* MapInteractor.h */,
				8A850065265D375100CEA1D1 /* MapInteractor.m */,
			);
			path = Interactor;
			sourceTree = "<group>";
		};
		8A85005C265D370800CEA1D1 /* Router */ = {
			isa = PBXGroup;
			children = (
				8A850061265D374500CEA1D1 /* MapRouter.h */,
				8A850062265D374500CEA1D1 /* MapRouter.m */,
			);
			path = Router;
			sourceTree = "<group>";
		};
		8A85005D265D370C00CEA1D1 /* Builder */ = {
			isa = PBXGroup;
			children = (
				8A85005E265D373400CEA1D1 /* MapBuilder.h */,
				8A85005F265D373400CEA1D1 /* MapBuilder.m */,
			);
			path = Builder;
			sourceTree = "<group>";
		};
		8A850073265D3FEC00CEA1D1 /* LocationService */ = {
			isa = PBXGroup;
			children = (
				8A850074265D400300CEA1D1 /* LocationService.h */,
				8A850075265D400300CEA1D1 /* LocationService.m */,
			);
			path = LocationService;
			sourceTree = "<group>";
		};
		8A850077265D47C300CEA1D1 /* APIManager */ = {
			isa = PBXGroup;
			children = (
				8A850078265D47DA00CEA1D1 /* APIManager.h */,
				8A850079265D47DA00CEA1D1 /* APIManager.m */,
			);
			path = APIManager;
			sourceTree = "<group>";
		};
		8A85007B265D483200CEA1D1 /* Ticket */ = {
			isa = PBXGroup;
			children = (
				8A85007C265D483E00CEA1D1 /* Ticket.h */,
				8A85007D265D483E00CEA1D1 /* Ticket.m */,
			);
			path = Ticket;
			sourceTree = "<group>";
		};
		8A85007F265D488300CEA1D1 /* MapPrice */ = {
			isa = PBXGroup;
			children = (
				8A850080265D489200CEA1D1 /* MapPrice.h */,
				8A850081265D489200CEA1D1 /* MapPrice.m */,
			);
			path = MapPrice;
			sourceTree = "<group>";
		};
		8A912D022653D08800AE4B76 /* Colors */ = {
			isa = PBXGroup;
			children = (
				8A912D032653D09100AE4B76 /* Colors.h */,
			);
			path = Colors;
			sourceTree = "<group>";
		};
		8A912D042653E25100AE4B76 /* Place */ = {
			isa = PBXGroup;
			children = (
				8A912D192653F2CB00AE4B76 /* Router */,
				8A912D152653E2F300AE4B76 /* Builder */,
				8A912D082653E26B00AE4B76 /* Interactor */,
				8A912D072653E26300AE4B76 /* Presenter */,
				8A912D062653E25C00AE4B76 /* Controller */,
				8A912D052653E25800AE4B76 /* View */,
			);
			path = Place;
			sourceTree = "<group>";
		};
		8A912D052653E25800AE4B76 /* View */ = {
			isa = PBXGroup;
			children = (
				8A912D0C2653E2C800AE4B76 /* PlaceView.h */,
				8A912D0D2653E2C800AE4B76 /* PlaceView.m */,
			);
			path = View;
			sourceTree = "<group>";
		};
		8A912D062653E25C00AE4B76 /* Controller */ = {
			isa = PBXGroup;
			children = (
				8A912D092653E2BB00AE4B76 /* PlaceViewController.h */,
				8A912D0A2653E2BB00AE4B76 /* PlaceViewController.m */,
			);
			path = Controller;
			sourceTree = "<group>";
		};
		8A912D072653E26300AE4B76 /* Presenter */ = {
			isa = PBXGroup;
			children = (
				8A912D0F2653E2D900AE4B76 /* PlacePresenter.h */,
				8A912D102653E2D900AE4B76 /* PlacePresenter.m */,
				8A912D1D2654058300AE4B76 /* PlaceType.h */,
			);
			path = Presenter;
			sourceTree = "<group>";
		};
		8A912D082653E26B00AE4B76 /* Interactor */ = {
			isa = PBXGroup;
			children = (
				8A912D122653E2E800AE4B76 /* PlaceInteractor.h */,
				8A912D132653E2E800AE4B76 /* PlaceInteractor.m */,
			);
			path = Interactor;
			sourceTree = "<group>";
		};
		8A912D152653E2F300AE4B76 /* Builder */ = {
			isa = PBXGroup;
			children = (
				8A912D162653E31400AE4B76 /* PlaceBuilder.h */,
				8A912D172653E31400AE4B76 /* PlaceBuilder.m */,
			);
			path = Builder;
			sourceTree = "<group>";
		};
		8A912D192653F2CB00AE4B76 /* Router */ = {
			isa = PBXGroup;
			children = (
				8A912D1A2653F2D900AE4B76 /* PlaceRouter.h */,
				8A912D1B2653F2D900AE4B76 /* PlaceRouter.m */,
			);
			path = Router;
			sourceTree = "<group>";
		};
		8AD89777264EA3A600FDAC52 = {
			isa = PBXGroup;
			children = (
				8AD89782264EA3A600FDAC52 /* AirTickets */,
				8AD89781264EA3A600FDAC52 /* Products */,
			);
			sourceTree = "<group>";
		};
		8AD89781264EA3A600FDAC52 /* Products */ = {
			isa = PBXGroup;
			children = (
				8AD89780264EA3A600FDAC52 /* AirTickets.app */,
			);
			name = Products;
			sourceTree = "<group>";
		};
		8AD89782264EA3A600FDAC52 /* AirTickets */ = {
			isa = PBXGroup;
			children = (
				8A3AEB162653CD430048FD26 /* Core */,
				8AFC8A7D2653C23C0081577E /* Flows */,
				8AD897B2264EAA9800FDAC52 /* Service */,
				8AD897A5264EA94800FDAC52 /* Model */,
				8AD8979D264EA89100FDAC52 /* Resourses */,
				8AD89791264EA3A600FDAC52 /* LaunchScreen.storyboard */,
				8AD89794264EA3A600FDAC52 /* Info.plist */,
				8AD89795264EA3A600FDAC52 /* main.m */,
			);
			path = AirTickets;
			sourceTree = "<group>";
		};
		8AD8979D264EA89100FDAC52 /* Resourses */ = {
			isa = PBXGroup;
			children = (
				8AD8978F264EA3A600FDAC52 /* Assets.xcassets */,
				8AD8979E264EA8A700FDAC52 /* JSON */,
			);
			path = Resourses;
			sourceTree = "<group>";
		};
		8AD8979E264EA8A700FDAC52 /* JSON */ = {
			isa = PBXGroup;
			children = (
				8AD897A1264EA8B600FDAC52 /* airports.json */,
				8AD897A0264EA8B600FDAC52 /* cities.json */,
				8AD8979F264EA8B600FDAC52 /* countries.json */,
			);
			path = JSON;
			sourceTree = "<group>";
		};
		8AD897A5264EA94800FDAC52 /* Model */ = {
			isa = PBXGroup;
			children = (
				8A85007F265D488300CEA1D1 /* MapPrice */,
				8A85007B265D483200CEA1D1 /* Ticket */,
				8AD897AE264EAA2500FDAC52 /* Airport */,
				8AD897AA264EA9CD00FDAC52 /* City */,
				8AD897A6264EA95600FDAC52 /* Country */,
			);
			path = Model;
			sourceTree = "<group>";
		};
		8AD897A6264EA95600FDAC52 /* Country */ = {
			isa = PBXGroup;
			children = (
				8AD897A7264EA97D00FDAC52 /* Country.h */,
				8AD897A8264EA97D00FDAC52 /* Country.m */,
			);
			path = Country;
			sourceTree = "<group>";
		};
		8AD897AA264EA9CD00FDAC52 /* City */ = {
			isa = PBXGroup;
			children = (
				8AD897AB264EA9D600FDAC52 /* City.h */,
				8AD897AC264EA9D600FDAC52 /* City.m */,
			);
			path = City;
			sourceTree = "<group>";
		};
		8AD897AE264EAA2500FDAC52 /* Airport */ = {
			isa = PBXGroup;
			children = (
				8AD897AF264EAA3200FDAC52 /* Airport.h */,
				8AD897B0264EAA3200FDAC52 /* Airport.m */,
			);
			path = Airport;
			sourceTree = "<group>";
		};
		8AD897B2264EAA9800FDAC52 /* Service */ = {
			isa = PBXGroup;
			children = (
				8A850077265D47C300CEA1D1 /* APIManager */,
				8A850073265D3FEC00CEA1D1 /* LocationService */,
				8AD897B6264EAAB500FDAC52 /* DataManager */,
			);
			path = Service;
			sourceTree = "<group>";
		};
		8AD897B6264EAAB500FDAC52 /* DataManager */ = {
			isa = PBXGroup;
			children = (
				8AD897B3264EAAAE00FDAC52 /* DataManager.h */,
				8AD897B4264EAAAE00FDAC52 /* DataManager.m */,
			);
			path = DataManager;
			sourceTree = "<group>";
		};
		8AFC8A7D2653C23C0081577E /* Flows */ = {
			isa = PBXGroup;
			children = (
				8A850056265D36D200CEA1D1 /* Map */,
				8A912D042653E25100AE4B76 /* Place */,
				8AFC8A7E2653C2450081577E /* MainMenu */,
			);
			path = Flows;
			sourceTree = "<group>";
		};
		8AFC8A7E2653C2450081577E /* MainMenu */ = {
			isa = PBXGroup;
			children = (
				8A3AEB122653C9A90048FD26 /* Builder */,
				8AFC8A832653C2DE0081577E /* Router */,
				8AFC8A822653C2D10081577E /* Controller */,
				8AFC8A812653C2CB0081577E /* Presenter */,
				8AFC8A7F2653C2BC0081577E /* View */,
			);
			path = MainMenu;
			sourceTree = "<group>";
		};
		8AFC8A7F2653C2BC0081577E /* View */ = {
			isa = PBXGroup;
			children = (
				8A3AEB0F2653C40F0048FD26 /* MainMenuView.h */,
				8A3AEB102653C40F0048FD26 /* MainMenuView.m */,
			);
			path = View;
			sourceTree = "<group>";
		};
		8AFC8A812653C2CB0081577E /* Presenter */ = {
			isa = PBXGroup;
			children = (
				8A3AEB0C2653C3FC0048FD26 /* MainMenuPresenter.h */,
				8A3AEB0D2653C3FC0048FD26 /* MainMenuPresenter.m */,
			);
			path = Presenter;
			sourceTree = "<group>";
		};
		8AFC8A822653C2D10081577E /* Controller */ = {
			isa = PBXGroup;
			children = (
				8AFC8A842653C30C0081577E /* MainMenuViewController.h */,
				8AFC8A852653C30C0081577E /* MainMenuViewController.m */,
			);
			path = Controller;
			sourceTree = "<group>";
		};
		8AFC8A832653C2DE0081577E /* Router */ = {
			isa = PBXGroup;
			children = (
				8A3AEB062653C3580048FD26 /* MainMenuRouter.h */,
				8A3AEB072653C3580048FD26 /* MainMenuRouter.m */,
			);
			path = Router;
			sourceTree = "<group>";
		};
/* End PBXGroup section */

/* Begin PBXNativeTarget section */
		8AD8977F264EA3A600FDAC52 /* AirTickets */ = {
			isa = PBXNativeTarget;
			buildConfigurationList = 8AD89799264EA3A600FDAC52 /* Build configuration list for PBXNativeTarget "AirTickets" */;
			buildPhases = (
				8AD8977C264EA3A600FDAC52 /* Sources */,
				8AD8977D264EA3A600FDAC52 /* Frameworks */,
				8AD8977E264EA3A600FDAC52 /* Resources */,
			);
			buildRules = (
			);
			dependencies = (
			);
			name = AirTickets;
			productName = AirTickets;
			productReference = 8AD89780264EA3A600FDAC52 /* AirTickets.app */;
			productType = "com.apple.product-type.application";
		};
/* End PBXNativeTarget section */

/* Begin PBXProject section */
		8AD89778264EA3A600FDAC52 /* Project object */ = {
			isa = PBXProject;
			attributes = {
				LastUpgradeCheck = 1250;
				TargetAttributes = {
					8AD8977F264EA3A600FDAC52 = {
						CreatedOnToolsVersion = 12.5;
					};
				};
			};
			buildConfigurationList = 8AD8977B264EA3A600FDAC52 /* Build configuration list for PBXProject "AirTickets" */;
			compatibilityVersion = "Xcode 9.3";
			developmentRegion = en;
			hasScannedForEncodings = 0;
			knownRegions = (
				en,
				Base,
			);
			mainGroup = 8AD89777264EA3A600FDAC52;
			productRefGroup = 8AD89781264EA3A600FDAC52 /* Products */;
			projectDirPath = "";
			projectRoot = "";
			targets = (
				8AD8977F264EA3A600FDAC52 /* AirTickets */,
			);
		};
/* End PBXProject section */

/* Begin PBXResourcesBuildPhase section */
		8AD8977E264EA3A600FDAC52 /* Resources */ = {
			isa = PBXResourcesBuildPhase;
			buildActionMask = 2147483647;
			files = (
				8AD897A3264EA8B600FDAC52 /* cities.json in Resources */,
				8AD897A2264EA8B600FDAC52 /* countries.json in Resources */,
				8AD89793264EA3A600FDAC52 /* LaunchScreen.storyboard in Resources */,
				8AD89790264EA3A600FDAC52 /* Assets.xcassets in Resources */,
				8AD897A4264EA8B600FDAC52 /* airports.json in Resources */,
			);
			runOnlyForDeploymentPostprocessing = 0;
		};
/* End PBXResourcesBuildPhase section */

/* Begin PBXSourcesBuildPhase section */
		8AD8977C264EA3A600FDAC52 /* Sources */ = {
			isa = PBXSourcesBuildPhase;
			buildActionMask = 2147483647;
			files = (
				8A912D0B2653E2BB00AE4B76 /* PlaceViewController.m in Sources */,
				8AD897AD264EA9D600FDAC52 /* City.m in Sources */,
				8A3AEB0E2653C3FC0048FD26 /* MainMenuPresenter.m in Sources */,
				8A3AEB112653C40F0048FD26 /* MainMenuView.m in Sources */,
				8A850063265D374500CEA1D1 /* MapRouter.m in Sources */,
				8A850069265D376100CEA1D1 /* MapPresenter.m in Sources */,
				8AD897A9264EA97D00FDAC52 /* Country.m in Sources */,
				8A912D182653E31400AE4B76 /* PlaceBuilder.m in Sources */,
				8AD897B5264EAAAE00FDAC52 /* DataManager.m in Sources */,
				8A912D112653E2D900AE4B76 /* PlacePresenter.m in Sources */,
				8AD897B1264EAA3200FDAC52 /* Airport.m in Sources */,
				8AD89785264EA3A600FDAC52 /* AppDelegate.m in Sources */,
				8A850060265D373400CEA1D1 /* MapBuilder.m in Sources */,
				8A850072265D379600CEA1D1 /* MapViewController.m in Sources */,
				8A85007A265D47DA00CEA1D1 /* APIManager.m in Sources */,
				8A912D142653E2E800AE4B76 /* PlaceInteractor.m in Sources */,
				8AD89796264EA3A600FDAC52 /* main.m in Sources */,
				8A3AEB082653C3580048FD26 /* MainMenuRouter.m in Sources */,
				8A85006F265D377F00CEA1D1 /* MapView.m in Sources */,
				8A85007E265D483E00CEA1D1 /* Ticket.m in Sources */,
				8A912D0E2653E2C800AE4B76 /* PlaceView.m in Sources */,
				8A850082265D489200CEA1D1 /* MapPrice.m in Sources */,
				8AFC8A862653C30C0081577E /* MainMenuViewController.m in Sources */,
				8A3AEB152653C9BF0048FD26 /* MainMenuBuilder.m in Sources */,
				8A912D1C2653F2D900AE4B76 /* PlaceRouter.m in Sources */,
				8A850076265D400300CEA1D1 /* LocationService.m in Sources */,
				8A850066265D375100CEA1D1 /* MapInteractor.m in Sources */,
			);
			runOnlyForDeploymentPostprocessing = 0;
		};
/* End PBXSourcesBuildPhase section */

/* Begin PBXVariantGroup section */
		8AD89791264EA3A600FDAC52 /* LaunchScreen.storyboard */ = {
			isa = PBXVariantGroup;
			children = (
				8AD89792264EA3A600FDAC52 /* Base */,
			);
			name = LaunchScreen.storyboard;
			sourceTree = "<group>";
		};
/* End PBXVariantGroup section */

/* Begin XCBuildConfiguration section */
		8AD89797264EA3A600FDAC52 /* Debug */ = {
			isa = XCBuildConfiguration;
			buildSettings = {
				ALWAYS_SEARCH_USER_PATHS = NO;
				CLANG_ANALYZER_NONNULL = YES;
				CLANG_ANALYZER_NUMBER_OBJECT_CONVERSION = YES_AGGRESSIVE;
				CLANG_CXX_LANGUAGE_STANDARD = "gnu++14";
				CLANG_CXX_LIBRARY = "libc++";
				CLANG_ENABLE_MODULES = YES;
				CLANG_ENABLE_OBJC_ARC = YES;
				CLANG_ENABLE_OBJC_WEAK = YES;
				CLANG_WARN_BLOCK_CAPTURE_AUTORELEASING = YES;
				CLANG_WARN_BOOL_CONVERSION = YES;
				CLANG_WARN_COMMA = YES;
				CLANG_WARN_CONSTANT_CONVERSION = YES;
				CLANG_WARN_DEPRECATED_OBJC_IMPLEMENTATIONS = YES;
				CLANG_WARN_DIRECT_OBJC_ISA_USAGE = YES_ERROR;
				CLANG_WARN_DOCUMENTATION_COMMENTS = YES;
				CLANG_WARN_EMPTY_BODY = YES;
				CLANG_WARN_ENUM_CONVERSION = YES;
				CLANG_WARN_INFINITE_RECURSION = YES;
				CLANG_WARN_INT_CONVERSION = YES;
				CLANG_WARN_NON_LITERAL_NULL_CONVERSION = YES;
				CLANG_WARN_OBJC_IMPLICIT_RETAIN_SELF = YES;
				CLANG_WARN_OBJC_LITERAL_CONVERSION = YES;
				CLANG_WARN_OBJC_ROOT_CLASS = YES_ERROR;
				CLANG_WARN_QUOTED_INCLUDE_IN_FRAMEWORK_HEADER = YES;
				CLANG_WARN_RANGE_LOOP_ANALYSIS = YES;
				CLANG_WARN_STRICT_PROTOTYPES = YES;
				CLANG_WARN_SUSPICIOUS_MOVE = YES;
				CLANG_WARN_UNGUARDED_AVAILABILITY = YES_AGGRESSIVE;
				CLANG_WARN_UNREACHABLE_CODE = YES;
				CLANG_WARN__DUPLICATE_METHOD_MATCH = YES;
				COPY_PHASE_STRIP = NO;
				DEBUG_INFORMATION_FORMAT = dwarf;
				ENABLE_STRICT_OBJC_MSGSEND = YES;
				ENABLE_TESTABILITY = YES;
				GCC_C_LANGUAGE_STANDARD = gnu11;
				GCC_DYNAMIC_NO_PIC = NO;
				GCC_NO_COMMON_BLOCKS = YES;
				GCC_OPTIMIZATION_LEVEL = 0;
				GCC_PREPROCESSOR_DEFINITIONS = (
					"DEBUG=1",
					"$(inherited)",
				);
				GCC_WARN_64_TO_32_BIT_CONVERSION = YES;
				GCC_WARN_ABOUT_RETURN_TYPE = YES_ERROR;
				GCC_WARN_UNDECLARED_SELECTOR = YES;
				GCC_WARN_UNINITIALIZED_AUTOS = YES_AGGRESSIVE;
				GCC_WARN_UNUSED_FUNCTION = YES;
				GCC_WARN_UNUSED_VARIABLE = YES;
				IPHONEOS_DEPLOYMENT_TARGET = 14.5;
				MTL_ENABLE_DEBUG_INFO = INCLUDE_SOURCE;
				MTL_FAST_MATH = YES;
				ONLY_ACTIVE_ARCH = YES;
				SDKROOT = iphoneos;
			};
			name = Debug;
		};
		8AD89798264EA3A600FDAC52 /* Release */ = {
			isa = XCBuildConfiguration;
			buildSettings = {
				ALWAYS_SEARCH_USER_PATHS = NO;
				CLANG_ANALYZER_NONNULL = YES;
				CLANG_ANALYZER_NUMBER_OBJECT_CONVERSION = YES_AGGRESSIVE;
				CLANG_CXX_LANGUAGE_STANDARD = "gnu++14";
				CLANG_CXX_LIBRARY = "libc++";
				CLANG_ENABLE_MODULES = YES;
				CLANG_ENABLE_OBJC_ARC = YES;
				CLANG_ENABLE_OBJC_WEAK = YES;
				CLANG_WARN_BLOCK_CAPTURE_AUTORELEASING = YES;
				CLANG_WARN_BOOL_CONVERSION = YES;
				CLANG_WARN_COMMA = YES;
				CLANG_WARN_CONSTANT_CONVERSION = YES;
				CLANG_WARN_DEPRECATED_OBJC_IMPLEMENTATIONS = YES;
				CLANG_WARN_DIRECT_OBJC_ISA_USAGE = YES_ERROR;
				CLANG_WARN_DOCUMENTATION_COMMENTS = YES;
				CLANG_WARN_EMPTY_BODY = YES;
				CLANG_WARN_ENUM_CONVERSION = YES;
				CLANG_WARN_INFINITE_RECURSION = YES;
				CLANG_WARN_INT_CONVERSION = YES;
				CLANG_WARN_NON_LITERAL_NULL_CONVERSION = YES;
				CLANG_WARN_OBJC_IMPLICIT_RETAIN_SELF = YES;
				CLANG_WARN_OBJC_LITERAL_CONVERSION = YES;
				CLANG_WARN_OBJC_ROOT_CLASS = YES_ERROR;
				CLANG_WARN_QUOTED_INCLUDE_IN_FRAMEWORK_HEADER = YES;
				CLANG_WARN_RANGE_LOOP_ANALYSIS = YES;
				CLANG_WARN_STRICT_PROTOTYPES = YES;
				CLANG_WARN_SUSPICIOUS_MOVE = YES;
				CLANG_WARN_UNGUARDED_AVAILABILITY = YES_AGGRESSIVE;
				CLANG_WARN_UNREACHABLE_CODE = YES;
				CLANG_WARN__DUPLICATE_METHOD_MATCH = YES;
				COPY_PHASE_STRIP = NO;
				DEBUG_INFORMATION_FORMAT = "dwarf-with-dsym";
				ENABLE_NS_ASSERTIONS = NO;
				ENABLE_STRICT_OBJC_MSGSEND = YES;
				GCC_C_LANGUAGE_STANDARD = gnu11;
				GCC_NO_COMMON_BLOCKS = YES;
				GCC_WARN_64_TO_32_BIT_CONVERSION = YES;
				GCC_WARN_ABOUT_RETURN_TYPE = YES_ERROR;
				GCC_WARN_UNDECLARED_SELECTOR = YES;
				GCC_WARN_UNINITIALIZED_AUTOS = YES_AGGRESSIVE;
				GCC_WARN_UNUSED_FUNCTION = YES;
				GCC_WARN_UNUSED_VARIABLE = YES;
				IPHONEOS_DEPLOYMENT_TARGET = 14.5;
				MTL_ENABLE_DEBUG_INFO = NO;
				MTL_FAST_MATH = YES;
				SDKROOT = iphoneos;
				VALIDATE_PRODUCT = YES;
			};
			name = Release;
		};
		8AD8979A264EA3A600FDAC52 /* Debug */ = {
			isa = XCBuildConfiguration;
			buildSettings = {
				ASSETCATALOG_COMPILER_APPICON_NAME = AppIcon;
				ASSETCATALOG_COMPILER_GLOBAL_ACCENT_COLOR_NAME = AccentColor;
				CODE_SIGN_STYLE = Automatic;
				DEVELOPMENT_TEAM = 9LK5ZZR926;
				INFOPLIST_FILE = AirTickets/Info.plist;
				LD_RUNPATH_SEARCH_PATHS = (
					"$(inherited)",
					"@executable_path/Frameworks",
				);
				PRODUCT_BUNDLE_IDENTIFIER = com.morozovalexey.AirTickets;
				PRODUCT_NAME = "$(TARGET_NAME)";
				TARGETED_DEVICE_FAMILY = "1,2";
			};
			name = Debug;
		};
		8AD8979B264EA3A600FDAC52 /* Release */ = {
			isa = XCBuildConfiguration;
			buildSettings = {
				ASSETCATALOG_COMPILER_APPICON_NAME = AppIcon;
				ASSETCATALOG_COMPILER_GLOBAL_ACCENT_COLOR_NAME = AccentColor;
				CODE_SIGN_STYLE = Automatic;
				DEVELOPMENT_TEAM = 9LK5ZZR926;
				INFOPLIST_FILE = AirTickets/Info.plist;
				LD_RUNPATH_SEARCH_PATHS = (
					"$(inherited)",
					"@executable_path/Frameworks",
				);
				PRODUCT_BUNDLE_IDENTIFIER = com.morozovalexey.AirTickets;
				PRODUCT_NAME = "$(TARGET_NAME)";
				TARGETED_DEVICE_FAMILY = "1,2";
			};
			name = Release;
		};
/* End XCBuildConfiguration section */

/* Begin XCConfigurationList section */
		8AD8977B264EA3A600FDAC52 /* Build configuration list for PBXProject "AirTickets" */ = {
			isa = XCConfigurationList;
			buildConfigurations = (
				8AD89797264EA3A600FDAC52 /* Debug */,
				8AD89798264EA3A600FDAC52 /* Release */,
			);
			defaultConfigurationIsVisible = 0;
			defaultConfigurationName = Release;
		};
		8AD89799264EA3A600FDAC52 /* Build configuration list for PBXNativeTarget "AirTickets" */ = {
			isa = XCConfigurationList;
			buildConfigurations = (
				8AD8979A264EA3A600FDAC52 /* Debug */,
				8AD8979B264EA3A600FDAC52 /* Release */,
			);
			defaultConfigurationIsVisible = 0;
			defaultConfigurationName = Release;
		};
/* End XCConfigurationList section */
	};
	rootObject = 8AD89778264EA3A600FDAC52 /* Project object */;
}
